
Microsoft Visual Studio Solution File, Format Version 12.00
# Visual Studio Version 16
VisualStudioVersion = 16.0.28721.148
MinimumVisualStudioVersion = 10.0.40219.1
Project("{9A19103F-16F7-4668-BE54-9A1E7A4F7556}") = "Stratysis.Domain", "Stratysis.Domain\Stratysis.Domain.csproj", "{C478F1B2-8AE1-4890-B335-82285B4CDD9E}"
EndProject
Project("{9A19103F-16F7-4668-BE54-9A1E7A4F7556}") = "Stratysis.Engine", "Stratysis.Engine\Stratysis.Engine.csproj", "{5F56578D-E71E-485D-AEA9-953A8318F0EB}"
EndProject
Project("{9A19103F-16F7-4668-BE54-9A1E7A4F7556}") = "Stratysis.Console", "Stratysis.Console\Stratysis.Console.csproj", "{24BD64EB-AE90-4BB9-BB50-1640629445AE}"
EndProject
Project("{9A19103F-16F7-4668-BE54-9A1E7A4F7556}") = "Stratysis.DataProviders", "Stratysis.DataProviders\Stratysis.DataProviders.csproj", "{EB4EBEE6-5A3D-4434-B391-52CAA6A71EB6}"
EndProject
Project("{2150E333-8FDC-42A3-9474-1A3956D46DE8}") = "Tests", "Tests", "{2E9FC101-66C9-4B6B-84A6-125F0DB5FA15}"
EndProject
Project("{9A19103F-16F7-4668-BE54-9A1E7A4F7556}") = "Stratysis.Strategies", "Stratysis.Strategies\Stratysis.Strategies.csproj", "{8B33598F-7202-4FB7-B934-D38880F1FDFD}"
EndProject
Project("{9A19103F-16F7-4668-BE54-9A1E7A4F7556}") = "Stratysis.Domain.Tests.Unit", "Stratysis.Domain.Tests.Unit\Stratysis.Domain.Tests.Unit.csproj", "{36A1EFB0-1858-447A-8375-F3446E1A4870}"
EndProject
Project("{FAE04EC0-301F-11D3-BF4B-00C04F79EFBC}") = "Stratysis.Indicators", "Stratysis.Indicators\Stratysis.Indicators.csproj", "{BE9F7576-5F98-4978-8F3E-CC12ECF98636}"
EndProject
Global
	GlobalSection(SolutionConfigurationPlatforms) = preSolution
		Debug|Any CPU = Debug|Any CPU
		Release|Any CPU = Release|Any CPU
	EndGlobalSection
	GlobalSection(ProjectConfigurationPlatforms) = postSolution
		{C478F1B2-8AE1-4890-B335-82285B4CDD9E}.Debug|Any CPU.ActiveCfg = Debug|Any CPU
		{C478F1B2-8AE1-4890-B335-82285B4CDD9E}.Debug|Any CPU.Build.0 = Debug|Any CPU
		{C478F1B2-8AE1-4890-B335-82285B4CDD9E}.Release|Any CPU.ActiveCfg = Release|Any CPU
		{C478F1B2-8AE1-4890-B335-82285B4CDD9E}.Release|Any CPU.Build.0 = Release|Any CPU
		{5F56578D-E71E-485D-AEA9-953A8318F0EB}.Debug|Any CPU.ActiveCfg = Debug|Any CPU
		{5F56578D-E71E-485D-AEA9-953A8318F0EB}.Debug|Any CPU.Build.0 = Debug|Any CPU
		{5F56578D-E71E-485D-AEA9-953A8318F0EB}.Release|Any CPU.ActiveCfg = Release|Any CPU
		{5F56578D-E71E-485D-AEA9-953A8318F0EB}.Release|Any CPU.Build.0 = Release|Any CPU
		{24BD64EB-AE90-4BB9-BB50-1640629445AE}.Debug|Any CPU.ActiveCfg = Debug|Any CPU
		{24BD64EB-AE90-4BB9-BB50-1640629445AE}.Debug|Any CPU.Build.0 = Debug|Any CPU
		{24BD64EB-AE90-4BB9-BB50-1640629445AE}.Release|Any CPU.ActiveCfg = Release|Any CPU
		{24BD64EB-AE90-4BB9-BB50-1640629445AE}.Release|Any CPU.Build.0 = Release|Any CPU
		{EB4EBEE6-5A3D-4434-B391-52CAA6A71EB6}.Debug|Any CPU.ActiveCfg = Debug|Any CPU
		{EB4EBEE6-5A3D-4434-B391-52CAA6A71EB6}.Debug|Any CPU.Build.0 = Debug|Any CPU
		{EB4EBEE6-5A3D-4434-B391-52CAA6A71EB6}.Release|Any CPU.ActiveCfg = Release|Any CPU
		{EB4EBEE6-5A3D-4434-B391-52CAA6A71EB6}.Release|Any CPU.Build.0 = Release|Any CPU
		{8B33598F-7202-4FB7-B934-D38880F1FDFD}.Debug|Any CPU.ActiveCfg = Debug|Any CPU
		{8B33598F-7202-4FB7-B934-D38880F1FDFD}.Debug|Any CPU.Build.0 = Debug|Any CPU
		{8B33598F-7202-4FB7-B934-D38880F1FDFD}.Release|Any CPU.ActiveCfg = Release|Any CPU
		{8B33598F-7202-4FB7-B934-D38880F1FDFD}.Release|Any CPU.Build.0 = Release|Any CPU
		{36A1EFB0-1858-447A-8375-F3446E1A4870}.Debug|Any CPU.ActiveCfg = Debug|Any CPU
		{36A1EFB0-1858-447A-8375-F3446E1A4870}.Debug|Any CPU.Build.0 = Debug|Any CPU
		{36A1EFB0-1858-447A-8375-F3446E1A4870}.Release|Any CPU.ActiveCfg = Release|Any CPU
		{36A1EFB0-1858-447A-8375-F3446E1A4870}.Release|Any CPU.Build.0 = Release|Any CPU
		{BE9F7576-5F98-4978-8F3E-CC12ECF98636}.Debug|Any CPU.ActiveCfg = Debug|Any CPU
		{BE9F7576-5F98-4978-8F3E-CC12ECF98636}.Debug|Any CPU.Build.0 = Debug|Any CPU
		{BE9F7576-5F98-4978-8F3E-CC12ECF98636}.Release|Any CPU.ActiveCfg = Release|Any CPU
		{BE9F7576-5F98-4978-8F3E-CC12ECF98636}.Release|Any CPU.Build.0 = Release|Any CPU
	EndGlobalSection
	GlobalSection(SolutionProperties) = preSolution
		HideSolutionNode = FALSE
	EndGlobalSection
	GlobalSection(NestedProjects) = preSolution
		{36A1EFB0-1858-447A-8375-F3446E1A4870} = {2E9FC101-66C9-4B6B-84A6-125F0DB5FA15}
	EndGlobalSection
	GlobalSection(ExtensibilityGlobals) = postSolution
		SolutionGuid = {0D1CA1B2-144E-4DFD-A203-A9F3F76375C7}
	EndGlobalSection
EndGlobal
